// !$*UTF8*$!
{
	archiveVersion = 1;
	classes = {
	};
	objectVersion = 50;
	objects = {

/* Begin PBXBuildFile section */
		A94E8CEA23A7218A00DC9ED3 /* Deck.swift in Sources */ = {isa = PBXBuildFile; fileRef = A96C420223A71C5C00537519 /* Deck.swift */; };
		A94E8CEC23A7254C00DC9ED3 /* Game.swift in Sources */ = {isa = PBXBuildFile; fileRef = A94E8CEB23A7254C00DC9ED3 /* Game.swift */; };
		A94E8CEE23A7283200DC9ED3 /* Player.swift in Sources */ = {isa = PBXBuildFile; fileRef = A94E8CED23A7283200DC9ED3 /* Player.swift */; };
		A96C41EC23A71ADE00537519 /* AppDelegate.swift in Sources */ = {isa = PBXBuildFile; fileRef = A96C41EB23A71ADE00537519 /* AppDelegate.swift */; };
		A96C41EE23A71ADE00537519 /* SceneDelegate.swift in Sources */ = {isa = PBXBuildFile; fileRef = A96C41ED23A71ADE00537519 /* SceneDelegate.swift */; };
		A96C41F123A71ADE00537519 /* Futsal_Shuffle.xcdatamodeld in Sources */ = {isa = PBXBuildFile; fileRef = A96C41EF23A71ADE00537519 /* Futsal_Shuffle.xcdatamodeld */; };
		A96C41F323A71ADE00537519 /* ContentView.swift in Sources */ = {isa = PBXBuildFile; fileRef = A96C41F223A71ADE00537519 /* ContentView.swift */; };
		A96C41F523A71AE100537519 /* Assets.xcassets in Resources */ = {isa = PBXBuildFile; fileRef = A96C41F423A71AE100537519 /* Assets.xcassets */; };
		A96C41F823A71AE100537519 /* Preview Assets.xcassets in Resources */ = {isa = PBXBuildFile; fileRef = A96C41F723A71AE100537519 /* Preview Assets.xcassets */; };
		A96C41FB23A71AE100537519 /* LaunchScreen.storyboard in Resources */ = {isa = PBXBuildFile; fileRef = A96C41F923A71AE100537519 /* LaunchScreen.storyboard */; };
/* End PBXBuildFile section */

/* Begin PBXFileReference section */
		A94E8CEB23A7254C00DC9ED3 /* Game.swift */ = {isa = PBXFileReference; lastKnownFileType = sourcecode.swift; path = Game.swift; sourceTree = "<group>"; };
		A94E8CED23A7283200DC9ED3 /* Player.swift */ = {isa = PBXFileReference; lastKnownFileType = sourcecode.swift; path = Player.swift; sourceTree = "<group>"; };
		A96C41E823A71ADE00537519 /* Futsal Shuffle.app */ = {isa = PBXFileReference; explicitFileType = wrapper.application; includeInIndex = 0; path = "Futsal Shuffle.app"; sourceTree = BUILT_PRODUCTS_DIR; };
		A96C41EB23A71ADE00537519 /* AppDelegate.swift */ = {isa = PBXFileReference; lastKnownFileType = sourcecode.swift; path = AppDelegate.swift; sourceTree = "<group>"; };
		A96C41ED23A71ADE00537519 /* SceneDelegate.swift */ = {isa = PBXFileReference; lastKnownFileType = sourcecode.swift; path = SceneDelegate.swift; sourceTree = "<group>"; };
		A96C41F023A71ADE00537519 /* Futsal_Shuffle.xcdatamodel */ = {isa = PBXFileReference; lastKnownFileType = wrapper.xcdatamodel; path = Futsal_Shuffle.xcdatamodel; sourceTree = "<group>"; };
		A96C41F223A71ADE00537519 /* ContentView.swift */ = {isa = PBXFileReference; lastKnownFileType = sourcecode.swift; path = ContentView.swift; sourceTree = "<group>"; };
		A96C41F423A71AE100537519 /* Assets.xcassets */ = {isa = PBXFileReference; lastKnownFileType = folder.assetcatalog; path = Assets.xcassets; sourceTree = "<group>"; };
		A96C41F723A71AE100537519 /* Preview Assets.xcassets */ = {isa = PBXFileReference; lastKnownFileType = folder.assetcatalog; path = "Preview Assets.xcassets"; sourceTree = "<group>"; };
		A96C41FA23A71AE100537519 /* Base */ = {isa = PBXFileReference; lastKnownFileType = file.storyboard; name = Base; path = Base.lproj/LaunchScreen.storyboard; sourceTree = "<group>"; };
		A96C41FC23A71AE100537519 /* Info.plist */ = {isa = PBXFileReference; lastKnownFileType = text.plist.xml; path = Info.plist; sourceTree = "<group>"; };
		A96C420223A71C5C00537519 /* Deck.swift */ = {isa = PBXFileReference; lastKnownFileType = sourcecode.swift; path = Deck.swift; sourceTree = "<group>"; };
/* End PBXFileReference section */

/* Begin PBXFrameworksBuildPhase section */
		A96C41E523A71ADE00537519 /* Frameworks */ = {
			isa = PBXFrameworksBuildPhase;
			buildActionMask = 2147483647;
			files = (
			);
			runOnlyForDeploymentPostprocessing = 0;
		};
/* End PBXFrameworksBuildPhase section */

/* Begin PBXGroup section */
		A94E8CE923A7212300DC9ED3 /* Model */ = {
			isa = PBXGroup;
			children = (
				A96C420223A71C5C00537519 /* Deck.swift */,
				A94E8CEB23A7254C00DC9ED3 /* Game.swift */,
				A94E8CED23A7283200DC9ED3 /* Player.swift */,
			);
			path = Model;
			sourceTree = "<group>";
		};
		A96C41DF23A71ADE00537519 = {
			isa = PBXGroup;
			children = (
				A96C41EA23A71ADE00537519 /* Futsal Shuffle */,
				A96C41E923A71ADE00537519 /* Products */,
			);
			sourceTree = "<group>";
		};
		A96C41E923A71ADE00537519 /* Products */ = {
			isa = PBXGroup;
			children = (
				A96C41E823A71ADE00537519 /* Futsal Shuffle.app */,
			);
			name = Products;
			sourceTree = "<group>";
		};
		A96C41EA23A71ADE00537519 /* Futsal Shuffle */ = {
			isa = PBXGroup;
			children = (
				A96C41EB23A71ADE00537519 /* AppDelegate.swift */,
				A96C41ED23A71ADE00537519 /* SceneDelegate.swift */,
				A96C41F223A71ADE00537519 /* ContentView.swift */,
				A94E8CE923A7212300DC9ED3 /* Model */,
				A96C41F423A71AE100537519 /* Assets.xcassets */,
				A96C41F923A71AE100537519 /* LaunchScreen.storyboard */,
				A96C41FC23A71AE100537519 /* Info.plist */,
				A96C41EF23A71ADE00537519 /* Futsal_Shuffle.xcdatamodeld */,
				A96C41F623A71AE100537519 /* Preview Content */,
			);
			path = "Futsal Shuffle";
			sourceTree = "<group>";
		};
		A96C41F623A71AE100537519 /* Preview Content */ = {
			isa = PBXGroup;
			children = (
				A96C41F723A71AE100537519 /* Preview Assets.xcassets */,
			);
			path = "Preview Content";
			sourceTree = "<group>";
		};
/* End PBXGroup section */

/* Begin PBXNativeTarget section */
		A96C41E723A71ADE00537519 /* Futsal Shuffle */ = {
			isa = PBXNativeTarget;
			buildConfigurationList = A96C41FF23A71AE100537519 /* Build configuration list for PBXNativeTarget "Futsal Shuffle" */;
			buildPhases = (
				A96C41E423A71ADE00537519 /* Sources */,
				A96C41E523A71ADE00537519 /* Frameworks */,
				A96C41E623A71ADE00537519 /* Resources */,
			);
			buildRules = (
			);
			dependencies = (
			);
			name = "Futsal Shuffle";
			productName = "Futsal Shuffle";
			productReference = A96C41E823A71ADE00537519 /* Futsal Shuffle.app */;
			productType = "com.apple.product-type.application";
		};
/* End PBXNativeTarget section */

/* Begin PBXProject section */
		A96C41E023A71ADE00537519 /* Project object */ = {
			isa = PBXProject;
			attributes = {
				LastSwiftUpdateCheck = 1120;
				LastUpgradeCheck = 1120;
				ORGANIZATIONNAME = "Justin Armstrong";
				TargetAttributes = {
					A96C41E723A71ADE00537519 = {
						CreatedOnToolsVersion = 11.2.1;
					};
				};
			};
			buildConfigurationList = A96C41E323A71ADE00537519 /* Build configuration list for PBXProject "Futsal Shuffle" */;
			compatibilityVersion = "Xcode 9.3";
			developmentRegion = en;
			hasScannedForEncodings = 0;
			knownRegions = (
				en,
				Base,
			);
			mainGroup = A96C41DF23A71ADE00537519;
			productRefGroup = A96C41E923A71ADE00537519 /* Products */;
			projectDirPath = "";
			projectRoot = "";
			targets = (
				A96C41E723A71ADE00537519 /* Futsal Shuffle */,
			);
		};
/* End PBXProject section */

/* Begin PBXResourcesBuildPhase section */
		A96C41E623A71ADE00537519 /* Resources */ = {
			isa = PBXResourcesBuildPhase;
			buildActionMask = 2147483647;
			files = (
				A96C41FB23A71AE100537519 /* LaunchScreen.storyboard in Resources */,
				A96C41F823A71AE100537519 /* Preview Assets.xcassets in Resources */,
				A96C41F523A71AE100537519 /* Assets.xcassets in Resources */,
			);
			runOnlyForDeploymentPostprocessing = 0;
		};
/* End PBXResourcesBuildPhase section */

/* Begin PBXSourcesBuildPhase section */
		A96C41E423A71ADE00537519 /* Sources */ = {
			isa = PBXSourcesBuildPhase;
			buildActionMask = 2147483647;
			files = (
				A96C41EC23A71ADE00537519 /* AppDelegate.swift in Sources */,
				A94E8CEC23A7254C00DC9ED3 /* Game.swift in Sources */,
				A96C41F123A71ADE00537519 /* Futsal_Shuffle.xcdatamodeld in Sources */,
				A94E8CEA23A7218A00DC9ED3 /* Deck.swift in Sources */,
				A94E8CEE23A7283200DC9ED3 /* Player.swift in Sources */,
				A96C41F323A71ADE00537519 /* ContentView.swift in Sources */,
				A96C41EE23A71ADE00537519 /* SceneDelegate.swift in Sources */,
			);
			runOnlyForDeploymentPostprocessing = 0;
		};
/* End PBXSourcesBuildPhase section */

/* Begin PBXVariantGroup section */
		A96C41F923A71AE100537519 /* LaunchScreen.storyboard */ = {
			isa = PBXVariantGroup;
			children = (
				A96C41FA23A71AE100537519 /* Base */,
			);
			name = LaunchScreen.storyboard;
			sourceTree = "<group>";
		};
/* End PBXVariantGroup section */

/* Begin XCBuildConfiguration section */
		A96C41FD23A71AE100537519 /* Debug */ = {
			isa = XCBuildConfiguration;
			buildSettings = {
				ALWAYS_SEARCH_USER_PATHS = NO;
				CLANG_ANALYZER_NONNULL = YES;
				CLANG_ANALYZER_NUMBER_OBJECT_CONVERSION = YES_AGGRESSIVE;
				CLANG_CXX_LANGUAGE_STANDARD = "gnu++14";
				CLANG_CXX_LIBRARY = "libc++";
				CLANG_ENABLE_MODULES = YES;
				CLANG_ENABLE_OBJC_ARC = YES;
				CLANG_ENABLE_OBJC_WEAK = YES;
				CLANG_WARN_BLOCK_CAPTURE_AUTORELEASING = YES;
				CLANG_WARN_BOOL_CONVERSION = YES;
				CLANG_WARN_COMMA = YES;
				CLANG_WARN_CONSTANT_CONVERSION = YES;
				CLANG_WARN_DEPRECATED_OBJC_IMPLEMENTATIONS = YES;
				CLANG_WARN_DIRECT_OBJC_ISA_USAGE = YES_ERROR;
				CLANG_WARN_DOCUMENTATION_COMMENTS = YES;
				CLANG_WARN_EMPTY_BODY = YES;
				CLANG_WARN_ENUM_CONVERSION = YES;
				CLANG_WARN_INFINITE_RECURSION = YES;
				CLANG_WARN_INT_CONVERSION = YES;
				CLANG_WARN_NON_LITERAL_NULL_CONVERSION = YES;
				CLANG_WARN_OBJC_IMPLICIT_RETAIN_SELF = YES;
				CLANG_WARN_OBJC_LITERAL_CONVERSION = YES;
				CLANG_WARN_OBJC_ROOT_CLASS = YES_ERROR;
				CLANG_WARN_RANGE_LOOP_ANALYSIS = YES;
				CLANG_WARN_STRICT_PROTOTYPES = YES;
				CLANG_WARN_SUSPICIOUS_MOVE = YES;
				CLANG_WARN_UNGUARDED_AVAILABILITY = YES_AGGRESSIVE;
				CLANG_WARN_UNREACHABLE_CODE = YES;
				CLANG_WARN__DUPLICATE_METHOD_MATCH = YES;
				COPY_PHASE_STRIP = NO;
				DEBUG_INFORMATION_FORMAT = dwarf;
				ENABLE_STRICT_OBJC_MSGSEND = YES;
				ENABLE_TESTABILITY = YES;
				GCC_C_LANGUAGE_STANDARD = gnu11;
				GCC_DYNAMIC_NO_PIC = NO;
				GCC_NO_COMMON_BLOCKS = YES;
				GCC_OPTIMIZATION_LEVEL = 0;
				GCC_PREPROCESSOR_DEFINITIONS = (
					"DEBUG=1",
					"$(inherited)",
				);
				GCC_WARN_64_TO_32_BIT_CONVERSION = YES;
				GCC_WARN_ABOUT_RETURN_TYPE = YES_ERROR;
				GCC_WARN_UNDECLARED_SELECTOR = YES;
				GCC_WARN_UNINITIALIZED_AUTOS = YES_AGGRESSIVE;
				GCC_WARN_UNUSED_FUNCTION = YES;
				GCC_WARN_UNUSED_VARIABLE = YES;
				IPHONEOS_DEPLOYMENT_TARGET = 13.2;
				MTL_ENABLE_DEBUG_INFO = INCLUDE_SOURCE;
				MTL_FAST_MATH = YES;
				ONLY_ACTIVE_ARCH = YES;
				SDKROOT = iphoneos;
				SWIFT_ACTIVE_COMPILATION_CONDITIONS = DEBUG;
				SWIFT_OPTIMIZATION_LEVEL = "-Onone";
			};
			name = Debug;
		};
		A96C41FE23A71AE100537519 /* Release */ = {
			isa = XCBuildConfiguration;
			buildSettings = {
				ALWAYS_SEARCH_USER_PATHS = NO;
				CLANG_ANALYZER_NONNULL = YES;
				CLANG_ANALYZER_NUMBER_OBJECT_CONVERSION = YES_AGGRESSIVE;
				CLANG_CXX_LANGUAGE_STANDARD = "gnu++14";
				CLANG_CXX_LIBRARY = "libc++";
				CLANG_ENABLE_MODULES = YES;
				CLANG_ENABLE_OBJC_ARC = YES;
				CLANG_ENABLE_OBJC_WEAK = YES;
				CLANG_WARN_BLOCK_CAPTURE_AUTORELEASING = YES;
				CLANG_WARN_BOOL_CONVERSION = YES;
				CLANG_WARN_COMMA = YES;
				CLANG_WARN_CONSTANT_CONVERSION = YES;
				CLANG_WARN_DEPRECATED_OBJC_IMPLEMENTATIONS = YES;
				CLANG_WARN_DIRECT_OBJC_ISA_USAGE = YES_ERROR;
				CLANG_WARN_DOCUMENTATION_COMMENTS = YES;
				CLANG_WARN_EMPTY_BODY = YES;
				CLANG_WARN_ENUM_CONVERSION = YES;
				CLANG_WARN_INFINITE_RECURSION = YES;
				CLANG_WARN_INT_CONVERSION = YES;
				CLANG_WARN_NON_LITERAL_NULL_CONVERSION = YES;
				CLANG_WARN_OBJC_IMPLICIT_RETAIN_SELF = YES;
				CLANG_WARN_OBJC_LITERAL_CONVERSION = YES;
				CLANG_WARN_OBJC_ROOT_CLASS = YES_ERROR;
				CLANG_WARN_RANGE_LOOP_ANALYSIS = YES;
				CLANG_WARN_STRICT_PROTOTYPES = YES;
				CLANG_WARN_SUSPICIOUS_MOVE = YES;
				CLANG_WARN_UNGUARDED_AVAILABILITY = YES_AGGRESSIVE;
				CLANG_WARN_UNREACHABLE_CODE = YES;
				CLANG_WARN__DUPLICATE_METHOD_MATCH = YES;
				COPY_PHASE_STRIP = NO;
				DEBUG_INFORMATION_FORMAT = "dwarf-with-dsym";
				ENABLE_NS_ASSERTIONS = NO;
				ENABLE_STRICT_OBJC_MSGSEND = YES;
				GCC_C_LANGUAGE_STANDARD = gnu11;
				GCC_NO_COMMON_BLOCKS = YES;
				GCC_WARN_64_TO_32_BIT_CONVERSION = YES;
				GCC_WARN_ABOUT_RETURN_TYPE = YES_ERROR;
				GCC_WARN_UNDECLARED_SELECTOR = YES;
				GCC_WARN_UNINITIALIZED_AUTOS = YES_AGGRESSIVE;
				GCC_WARN_UNUSED_FUNCTION = YES;
				GCC_WARN_UNUSED_VARIABLE = YES;
				IPHONEOS_DEPLOYMENT_TARGET = 13.2;
				MTL_ENABLE_DEBUG_INFO = NO;
				MTL_FAST_MATH = YES;
				SDKROOT = iphoneos;
				SWIFT_COMPILATION_MODE = wholemodule;
				SWIFT_OPTIMIZATION_LEVEL = "-O";
				VALIDATE_PRODUCT = YES;
			};
			name = Release;
		};
		A96C420023A71AE100537519 /* Debug */ = {
			isa = XCBuildConfiguration;
			buildSettings = {
				ASSETCATALOG_COMPILER_APPICON_NAME = AppIcon;
				CODE_SIGN_STYLE = Automatic;
				DEVELOPMENT_ASSET_PATHS = "\"Futsal Shuffle/Preview Content\"";
				ENABLE_PREVIEWS = YES;
				INFOPLIST_FILE = "Futsal Shuffle/Info.plist";
				LD_RUNPATH_SEARCH_PATHS = (
					"$(inherited)",
					"@executable_path/Frameworks",
				);
				PRODUCT_BUNDLE_IDENTIFIER = "com.polo-club.Futsal-Shuffle";
				PRODUCT_NAME = "$(TARGET_NAME)";
				SWIFT_VERSION = 5.0;
				TARGETED_DEVICE_FAMILY = "1,2";
			};
			name = Debug;
		};
		A96C420123A71AE100537519 /* Release */ = {
			isa = XCBuildConfiguration;
			buildSettings = {
				ASSETCATALOG_COMPILER_APPICON_NAME = AppIcon;
				CODE_SIGN_STYLE = Automatic;
				DEVELOPMENT_ASSET_PATHS = "\"Futsal Shuffle/Preview Content\"";
				ENABLE_PREVIEWS = YES;
				INFOPLIST_FILE = "Futsal Shuffle/Info.plist";
				LD_RUNPATH_SEARCH_PATHS = (
					"$(inherited)",
					"@executable_path/Frameworks",
				);
				PRODUCT_BUNDLE_IDENTIFIER = "com.polo-club.Futsal-Shuffle";
				PRODUCT_NAME = "$(TARGET_NAME)";
				SWIFT_VERSION = 5.0;
				TARGETED_DEVICE_FAMILY = "1,2";
			};
			name = Release;
		};
/* End XCBuildConfiguration section */

/* Begin XCConfigurationList section */
		A96C41E323A71ADE00537519 /* Build configuration list for PBXProject "Futsal Shuffle" */ = {
			isa = XCConfigurationList;
			buildConfigurations = (
				A96C41FD23A71AE100537519 /* Debug */,
				A96C41FE23A71AE100537519 /* Release */,
			);
			defaultConfigurationIsVisible = 0;
			defaultConfigurationName = Release;
		};
		A96C41FF23A71AE100537519 /* Build configuration list for PBXNativeTarget "Futsal Shuffle" */ = {
			isa = XCConfigurationList;
			buildConfigurations = (
				A96C420023A71AE100537519 /* Debug */,
				A96C420123A71AE100537519 /* Release */,
			);
			defaultConfigurationIsVisible = 0;
			defaultConfigurationName = Release;
		};
/* End XCConfigurationList section */

/* Begin XCVersionGroup section */
		A96C41EF23A71ADE00537519 /* Futsal_Shuffle.xcdatamodeld */ = {
			isa = XCVersionGroup;
			children = (
				A96C41F023A71ADE00537519 /* Futsal_Shuffle.xcdatamodel */,
			);
			currentVersion = A96C41F023A71ADE00537519 /* Futsal_Shuffle.xcdatamodel */;
			path = Futsal_Shuffle.xcdatamodeld;
			sourceTree = "<group>";
			versionGroupType = wrapper.xcdatamodel;
		};
/* End XCVersionGroup section */
	};
	rootObject = A96C41E023A71ADE00537519 /* Project object */;
}
